
Microsoft Visual Studio Solution File, Format Version 12.00
# Visual Studio Version 17
VisualStudioVersion = 17.2.32630.192
MinimumVisualStudioVersion = 10.0.40219.1
Project("{FAE04EC0-301F-11D3-BF4B-00C04F79EFBC}") = "TheOmenDen.Shared.Services", "TheOmenDen.Shared.Services\TheOmenDen.Shared.Services.csproj", "{CBAA1D02-3153-4283-AA3F-246AEAFA4B6A}"
EndProject
Global
	GlobalSection(SolutionConfigurationPlatforms) = preSolution
		Debug|Any CPU = Debug|Any CPU
		Release|Any CPU = Release|Any CPU
	EndGlobalSection
	GlobalSection(ProjectConfigurationPlatforms) = postSolution
		{CBAA1D02-3153-4283-AA3F-246AEAFA4B6A}.Debug|Any CPU.ActiveCfg = Debug|Any CPU
		{CBAA1D02-3153-4283-AA3F-246AEAFA4B6A}.Debug|Any CPU.Build.0 = Debug|Any CPU
		{CBAA1D02-3153-4283-AA3F-246AEAFA4B6A}.Release|Any CPU.ActiveCfg = Release|Any CPU
		{CBAA1D02-3153-4283-AA3F-246AEAFA4B6A}.Release|Any CPU.Build.0 = Release|Any CPU
	EndGlobalSection
	GlobalSection(SolutionProperties) = preSolution
		HideSolutionNode = FALSE
	EndGlobalSection
	GlobalSection(ExtensibilityGlobals) = postSolution
		SolutionGuid = {E3F19521-77E2-4392-AF84-83419AF17736}
	EndGlobalSection
EndGlobal
